
Microsoft Visual Studio Solution File, Format Version 12.00
# Visual Studio Version 17
VisualStudioVersion = 17.14.36705.20 d17.14
MinimumVisualStudioVersion = 10.0.40219.1
Project("{FAE04EC0-301F-11D3-BF4B-00C04F79EFBC}") = "Proy_Backend", "Proy_Backend\Proy_Backend.csproj", "{47E90676-5547-4FF0-BAD1-86031AC4A54A}"
EndProject
Global
	GlobalSection(SolutionConfigurationPlatforms) = preSolution
		Debug|Any CPU = Debug|Any CPU
		Release|Any CPU = Release|Any CPU
	EndGlobalSection
	GlobalSection(ProjectConfigurationPlatforms) = postSolution
		{47E90676-5547-4FF0-BAD1-86031AC4A54A}.Debug|Any CPU.ActiveCfg = Debug|Any CPU
		{47E90676-5547-4FF0-BAD1-86031AC4A54A}.Debug|Any CPU.Build.0 = Debug|Any CPU
		{47E90676-5547-4FF0-BAD1-86031AC4A54A}.Release|Any CPU.ActiveCfg = Release|Any CPU
		{47E90676-5547-4FF0-BAD1-86031AC4A54A}.Release|Any CPU.Build.0 = Release|Any CPU
	EndGlobalSection
	GlobalSection(SolutionProperties) = preSolution
		HideSolutionNode = FALSE
	EndGlobalSection
	GlobalSection(ExtensibilityGlobals) = postSolution
		SolutionGuid = {C8FA234B-1382-43A4-9756-5635164F8745}
	EndGlobalSection
EndGlobal
